<?xml version="1.0" encoding="utf-8"?>
<Project ToolsVersion="4.0" xmlns="http://schemas.microsoft.com/developer/msbuild/2003">
  <ItemGroup />
  <ItemGroup>
    <CustomBuild Include="audio_bus_perftest.cc" />
    <CustomBuild Include="audio_converter_perftest.cc" />
    <CustomBuild Include="run_all_perftests.cc" />
    <CustomBuild Include="sinc_resampler_perftest.cc" />
    <CustomBuild Include="vector_math_perftest.cc" />
    <CustomBuild Include="yuv_convert_perftest.cc" />
    <CustomBuild Include="demuxer_perftest.cc" />
  </ItemGroup>
</Project>
