<?xml version="1.0" encoding="utf-8"?>
<Project ToolsVersion="4.0" xmlns="http://schemas.microsoft.com/developer/msbuild/2003">
  <ItemGroup>
    <Filter Include="command_buffer">
      <UniqueIdentifier>{05C7F72F-ADB0-5046-004F-DF2FFA532C5A}</UniqueIdentifier>
    </Filter>
    <Filter Include="command_buffer\tests">
      <UniqueIdentifier>{71685B5B-5DB1-D3F0-6DF4-FE19B5454C87}</UniqueIdentifier>
    </Filter>
    <Filter Include="command_buffer">
      <UniqueIdentifier>{05C7F72F-ADB0-5046-004F-DF2FFA532C5A}</UniqueIdentifier>
    </Filter>
    <Filter Include="command_buffer\tests">
      <UniqueIdentifier>{71685B5B-5DB1-D3F0-6DF4-FE19B5454C87}</UniqueIdentifier>
    </Filter>
    <Filter Include="command_buffer">
      <UniqueIdentifier>{05C7F72F-ADB0-5046-004F-DF2FFA532C5A}</UniqueIdentifier>
    </Filter>
    <Filter Include="command_buffer\tests">
      <UniqueIdentifier>{71685B5B-5DB1-D3F0-6DF4-FE19B5454C87}</UniqueIdentifier>
    </Filter>
    <Filter Include="command_buffer">
      <UniqueIdentifier>{05C7F72F-ADB0-5046-004F-DF2FFA532C5A}</UniqueIdentifier>
    </Filter>
    <Filter Include="command_buffer\tests">
      <UniqueIdentifier>{71685B5B-5DB1-D3F0-6DF4-FE19B5454C87}</UniqueIdentifier>
    </Filter>
    <Filter Include="command_buffer">
      <UniqueIdentifier>{05C7F72F-ADB0-5046-004F-DF2FFA532C5A}</UniqueIdentifier>
    </Filter>
    <Filter Include="command_buffer\tests">
      <UniqueIdentifier>{71685B5B-5DB1-D3F0-6DF4-FE19B5454C87}</UniqueIdentifier>
    </Filter>
    <Filter Include="command_buffer">
      <UniqueIdentifier>{05C7F72F-ADB0-5046-004F-DF2FFA532C5A}</UniqueIdentifier>
    </Filter>
    <Filter Include="command_buffer\tests">
      <UniqueIdentifier>{71685B5B-5DB1-D3F0-6DF4-FE19B5454C87}</UniqueIdentifier>
    </Filter>
    <Filter Include="command_buffer">
      <UniqueIdentifier>{05C7F72F-ADB0-5046-004F-DF2FFA532C5A}</UniqueIdentifier>
    </Filter>
    <Filter Include="command_buffer\tests">
      <UniqueIdentifier>{71685B5B-5DB1-D3F0-6DF4-FE19B5454C87}</UniqueIdentifier>
    </Filter>
    <Filter Include="command_buffer">
      <UniqueIdentifier>{05C7F72F-ADB0-5046-004F-DF2FFA532C5A}</UniqueIdentifier>
    </Filter>
    <Filter Include="command_buffer\tests">
      <UniqueIdentifier>{71685B5B-5DB1-D3F0-6DF4-FE19B5454C87}</UniqueIdentifier>
    </Filter>
    <Filter Include="command_buffer">
      <UniqueIdentifier>{05C7F72F-ADB0-5046-004F-DF2FFA532C5A}</UniqueIdentifier>
    </Filter>
    <Filter Include="command_buffer\tests">
      <UniqueIdentifier>{71685B5B-5DB1-D3F0-6DF4-FE19B5454C87}</UniqueIdentifier>
    </Filter>
    <Filter Include="command_buffer">
      <UniqueIdentifier>{05C7F72F-ADB0-5046-004F-DF2FFA532C5A}</UniqueIdentifier>
    </Filter>
    <Filter Include="command_buffer\tests">
      <UniqueIdentifier>{71685B5B-5DB1-D3F0-6DF4-FE19B5454C87}</UniqueIdentifier>
    </Filter>
    <Filter Include="command_buffer">
      <UniqueIdentifier>{05C7F72F-ADB0-5046-004F-DF2FFA532C5A}</UniqueIdentifier>
    </Filter>
    <Filter Include="command_buffer\tests">
      <UniqueIdentifier>{71685B5B-5DB1-D3F0-6DF4-FE19B5454C87}</UniqueIdentifier>
    </Filter>
    <Filter Include="command_buffer">
      <UniqueIdentifier>{05C7F72F-ADB0-5046-004F-DF2FFA532C5A}</UniqueIdentifier>
    </Filter>
    <Filter Include="command_buffer\tests">
      <UniqueIdentifier>{71685B5B-5DB1-D3F0-6DF4-FE19B5454C87}</UniqueIdentifier>
    </Filter>
    <Filter Include="command_buffer">
      <UniqueIdentifier>{05C7F72F-ADB0-5046-004F-DF2FFA532C5A}</UniqueIdentifier>
    </Filter>
    <Filter Include="command_buffer\tests">
      <UniqueIdentifier>{71685B5B-5DB1-D3F0-6DF4-FE19B5454C87}</UniqueIdentifier>
    </Filter>
    <Filter Include="command_buffer">
      <UniqueIdentifier>{05C7F72F-ADB0-5046-004F-DF2FFA532C5A}</UniqueIdentifier>
    </Filter>
    <Filter Include="command_buffer\tests">
      <UniqueIdentifier>{71685B5B-5DB1-D3F0-6DF4-FE19B5454C87}</UniqueIdentifier>
    </Filter>
    <Filter Include="command_buffer">
      <UniqueIdentifier>{05C7F72F-ADB0-5046-004F-DF2FFA532C5A}</UniqueIdentifier>
    </Filter>
    <Filter Include="command_buffer\tests">
      <UniqueIdentifier>{71685B5B-5DB1-D3F0-6DF4-FE19B5454C87}</UniqueIdentifier>
    </Filter>
    <Filter Include="command_buffer">
      <UniqueIdentifier>{05C7F72F-ADB0-5046-004F-DF2FFA532C5A}</UniqueIdentifier>
    </Filter>
    <Filter Include="command_buffer\tests">
      <UniqueIdentifier>{71685B5B-5DB1-D3F0-6DF4-FE19B5454C87}</UniqueIdentifier>
    </Filter>
    <Filter Include="command_buffer">
      <UniqueIdentifier>{05C7F72F-ADB0-5046-004F-DF2FFA532C5A}</UniqueIdentifier>
    </Filter>
    <Filter Include="command_buffer\tests">
      <UniqueIdentifier>{71685B5B-5DB1-D3F0-6DF4-FE19B5454C87}</UniqueIdentifier>
    </Filter>
    <Filter Include="command_buffer">
      <UniqueIdentifier>{05C7F72F-ADB0-5046-004F-DF2FFA532C5A}</UniqueIdentifier>
    </Filter>
    <Filter Include="command_buffer\tests">
      <UniqueIdentifier>{71685B5B-5DB1-D3F0-6DF4-FE19B5454C87}</UniqueIdentifier>
    </Filter>
    <Filter Include="command_buffer">
      <UniqueIdentifier>{05C7F72F-ADB0-5046-004F-DF2FFA532C5A}</UniqueIdentifier>
    </Filter>
    <Filter Include="command_buffer\tests">
      <UniqueIdentifier>{71685B5B-5DB1-D3F0-6DF4-FE19B5454C87}</UniqueIdentifier>
    </Filter>
    <Filter Include="command_buffer">
      <UniqueIdentifier>{05C7F72F-ADB0-5046-004F-DF2FFA532C5A}</UniqueIdentifier>
    </Filter>
    <Filter Include="command_buffer\tests">
      <UniqueIdentifier>{71685B5B-5DB1-D3F0-6DF4-FE19B5454C87}</UniqueIdentifier>
    </Filter>
    <Filter Include="command_buffer">
      <UniqueIdentifier>{05C7F72F-ADB0-5046-004F-DF2FFA532C5A}</UniqueIdentifier>
    </Filter>
    <Filter Include="command_buffer\tests">
      <UniqueIdentifier>{71685B5B-5DB1-D3F0-6DF4-FE19B5454C87}</UniqueIdentifier>
    </Filter>
    <Filter Include="command_buffer">
      <UniqueIdentifier>{05C7F72F-ADB0-5046-004F-DF2FFA532C5A}</UniqueIdentifier>
    </Filter>
    <Filter Include="command_buffer\tests">
      <UniqueIdentifier>{71685B5B-5DB1-D3F0-6DF4-FE19B5454C87}</UniqueIdentifier>
    </Filter>
    <Filter Include="command_buffer">
      <UniqueIdentifier>{05C7F72F-ADB0-5046-004F-DF2FFA532C5A}</UniqueIdentifier>
    </Filter>
    <Filter Include="command_buffer\tests">
      <UniqueIdentifier>{71685B5B-5DB1-D3F0-6DF4-FE19B5454C87}</UniqueIdentifier>
    </Filter>
    <Filter Include="command_buffer">
      <UniqueIdentifier>{05C7F72F-ADB0-5046-004F-DF2FFA532C5A}</UniqueIdentifier>
    </Filter>
    <Filter Include="command_buffer\tests">
      <UniqueIdentifier>{71685B5B-5DB1-D3F0-6DF4-FE19B5454C87}</UniqueIdentifier>
    </Filter>
    <Filter Include="command_buffer">
      <UniqueIdentifier>{05C7F72F-ADB0-5046-004F-DF2FFA532C5A}</UniqueIdentifier>
    </Filter>
    <Filter Include="command_buffer\tests">
      <UniqueIdentifier>{71685B5B-5DB1-D3F0-6DF4-FE19B5454C87}</UniqueIdentifier>
    </Filter>
    <Filter Include="command_buffer">
      <UniqueIdentifier>{05C7F72F-ADB0-5046-004F-DF2FFA532C5A}</UniqueIdentifier>
    </Filter>
    <Filter Include="command_buffer\tests">
      <UniqueIdentifier>{71685B5B-5DB1-D3F0-6DF4-FE19B5454C87}</UniqueIdentifier>
    </Filter>
    <Filter Include="command_buffer">
      <UniqueIdentifier>{05C7F72F-ADB0-5046-004F-DF2FFA532C5A}</UniqueIdentifier>
    </Filter>
    <Filter Include="command_buffer\tests">
      <UniqueIdentifier>{71685B5B-5DB1-D3F0-6DF4-FE19B5454C87}</UniqueIdentifier>
    </Filter>
    <Filter Include="command_buffer">
      <UniqueIdentifier>{05C7F72F-ADB0-5046-004F-DF2FFA532C5A}</UniqueIdentifier>
    </Filter>
    <Filter Include="command_buffer\tests">
      <UniqueIdentifier>{71685B5B-5DB1-D3F0-6DF4-FE19B5454C87}</UniqueIdentifier>
    </Filter>
    <Filter Include="command_buffer">
      <UniqueIdentifier>{05C7F72F-ADB0-5046-004F-DF2FFA532C5A}</UniqueIdentifier>
    </Filter>
    <Filter Include="command_buffer\tests">
      <UniqueIdentifier>{71685B5B-5DB1-D3F0-6DF4-FE19B5454C87}</UniqueIdentifier>
    </Filter>
    <Filter Include="command_buffer\tests\_excluded_files">
      <UniqueIdentifier>{158E591E-B6EA-0C85-8F5A-18EAFA09B4CE}</UniqueIdentifier>
    </Filter>
  </ItemGroup>
  <ItemGroup>
    <ClCompile Include="command_buffer\tests\compressed_texture_test.cc">
      <Filter>command_buffer\tests</Filter>
    </ClCompile>
    <ClCompile Include="command_buffer\tests\es3_misc_functions_unittest.cc">
      <Filter>command_buffer\tests</Filter>
    </ClCompile>
    <ClCompile Include="command_buffer\tests\gl_bind_uniform_location_unittest.cc">
      <Filter>command_buffer\tests</Filter>
    </ClCompile>
    <ClCompile Include="command_buffer\tests\gl_chromium_framebuffer_multisample_unittest.cc">
      <Filter>command_buffer\tests</Filter>
    </ClCompile>
    <ClCompile Include="command_buffer\tests\gl_chromium_path_rendering_unittest.cc">
      <Filter>command_buffer\tests</Filter>
    </ClCompile>
    <ClCompile Include="command_buffer\tests\gl_clear_framebuffer_unittest.cc">
      <Filter>command_buffer\tests</Filter>
    </ClCompile>
    <ClCompile Include="command_buffer\tests\gl_compressed_copy_texture_CHROMIUM_unittest.cc">
      <Filter>command_buffer\tests</Filter>
    </ClCompile>
    <ClCompile Include="command_buffer\tests\gl_copy_texture_CHROMIUM_unittest.cc">
      <Filter>command_buffer\tests</Filter>
    </ClCompile>
    <ClCompile Include="command_buffer\tests\gl_cube_map_texture_unittest.cc">
      <Filter>command_buffer\tests</Filter>
    </ClCompile>
    <ClCompile Include="command_buffer\tests\gl_depth_texture_unittest.cc">
      <Filter>command_buffer\tests</Filter>
    </ClCompile>
    <ClCompile Include="command_buffer\tests\gl_gpu_memory_buffer_unittest.cc">
      <Filter>command_buffer\tests</Filter>
    </ClCompile>
    <ClCompile Include="command_buffer\tests\gl_lose_context_chromium_unittest.cc">
      <Filter>command_buffer\tests</Filter>
    </ClCompile>
    <ClCompile Include="command_buffer\tests\gl_manager.cc">
      <Filter>command_buffer\tests</Filter>
    </ClCompile>
    <ClInclude Include="command_buffer\tests\gl_manager.h">
      <Filter>command_buffer\tests</Filter>
    </ClInclude>
    <ClCompile Include="command_buffer\tests\gl_pointcoord_unittest.cc">
      <Filter>command_buffer\tests</Filter>
    </ClCompile>
    <ClCompile Include="command_buffer\tests\gl_program_unittest.cc">
      <Filter>command_buffer\tests</Filter>
    </ClCompile>
    <ClCompile Include="command_buffer\tests\gl_query_unittest.cc">
      <Filter>command_buffer\tests</Filter>
    </ClCompile>
    <ClCompile Include="command_buffer\tests\gl_readback_unittest.cc">
      <Filter>command_buffer\tests</Filter>
    </ClCompile>
    <ClCompile Include="command_buffer\tests\gl_shared_resources_unittest.cc">
      <Filter>command_buffer\tests</Filter>
    </ClCompile>
    <ClCompile Include="command_buffer\tests\gl_stream_draw_unittest.cc">
      <Filter>command_buffer\tests</Filter>
    </ClCompile>
    <ClCompile Include="command_buffer\tests\gl_test_utils.cc">
      <Filter>command_buffer\tests</Filter>
    </ClCompile>
    <ClInclude Include="command_buffer\tests\gl_test_utils.h">
      <Filter>command_buffer\tests</Filter>
    </ClInclude>
    <ClCompile Include="command_buffer\tests\gl_tests_main.cc">
      <Filter>command_buffer\tests</Filter>
    </ClCompile>
    <ClCompile Include="command_buffer\tests\gl_texture_mailbox_unittest.cc">
      <Filter>command_buffer\tests</Filter>
    </ClCompile>
    <ClCompile Include="command_buffer\tests\gl_texture_storage_unittest.cc">
      <Filter>command_buffer\tests</Filter>
    </ClCompile>
    <ClCompile Include="command_buffer\tests\gl_unittest.cc">
      <Filter>command_buffer\tests</Filter>
    </ClCompile>
    <ClCompile Include="command_buffer\tests\gl_virtual_contexts_unittest.cc">
      <Filter>command_buffer\tests</Filter>
    </ClCompile>
    <ClCompile Include="command_buffer\tests\occlusion_query_unittest.cc">
      <Filter>command_buffer\tests</Filter>
    </ClCompile>
    <None Include="gpu.gyp"/>
    <ClCompile Include="command_buffer\tests\gl_unittests_android.cc">
      <Filter>command_buffer\tests\_excluded_files</Filter>
    </ClCompile>
  </ItemGroup>
</Project>
