<?xml version="1.0" encoding="utf-8"?>
<Project ToolsVersion="4.0" xmlns="http://schemas.microsoft.com/developer/msbuild/2003">
  <ItemGroup>
    <Filter Include="command_buffer">
      <UniqueIdentifier>{05C7F72F-ADB0-5046-004F-DF2FFA532C5A}</UniqueIdentifier>
    </Filter>
    <Filter Include="command_buffer\client">
      <UniqueIdentifier>{D5E3C9B9-F4E5-9856-CE8C-F9B03683EBB9}</UniqueIdentifier>
    </Filter>
    <Filter Include="command_buffer">
      <UniqueIdentifier>{05C7F72F-ADB0-5046-004F-DF2FFA532C5A}</UniqueIdentifier>
    </Filter>
    <Filter Include="command_buffer\client">
      <UniqueIdentifier>{D5E3C9B9-F4E5-9856-CE8C-F9B03683EBB9}</UniqueIdentifier>
    </Filter>
    <Filter Include="command_buffer">
      <UniqueIdentifier>{05C7F72F-ADB0-5046-004F-DF2FFA532C5A}</UniqueIdentifier>
    </Filter>
    <Filter Include="command_buffer\service">
      <UniqueIdentifier>{C9210780-0906-CC9E-BEC1-0AB6BFD1B977}</UniqueIdentifier>
    </Filter>
    <Filter Include="command_buffer">
      <UniqueIdentifier>{05C7F72F-ADB0-5046-004F-DF2FFA532C5A}</UniqueIdentifier>
    </Filter>
    <Filter Include="command_buffer\service">
      <UniqueIdentifier>{C9210780-0906-CC9E-BEC1-0AB6BFD1B977}</UniqueIdentifier>
    </Filter>
  </ItemGroup>
  <ItemGroup>
    <ClCompile Include="command_buffer\client\gles2_interface_stub.cc">
      <Filter>command_buffer\client</Filter>
    </ClCompile>
    <ClInclude Include="command_buffer\client\gles2_interface_stub.h">
      <Filter>command_buffer\client</Filter>
    </ClInclude>
    <ClCompile Include="command_buffer\service\error_state_mock.cc">
      <Filter>command_buffer\service</Filter>
    </ClCompile>
    <ClCompile Include="command_buffer\service\gles2_cmd_decoder_mock.cc">
      <Filter>command_buffer\service</Filter>
    </ClCompile>
    <None Include="gpu.gyp"/>
  </ItemGroup>
</Project>
