<?xml version="1.0" encoding="utf-8"?>
<Project ToolsVersion="4.0" xmlns="http://schemas.microsoft.com/developer/msbuild/2003">
  <ItemGroup>
    <Filter Include="..\..\..\build\Release\gen\media\capture\mojo">
      <UniqueIdentifier>{E70C6F63-AE14-2688-9F38-C5826B46B0E9}</UniqueIdentifier>
    </Filter>
    <Filter Include="..\..\..\build\Release\gen\media\capture">
      <UniqueIdentifier>{845DC0D9-1ADA-4C00-A29F-0F0B8336B6D6}</UniqueIdentifier>
    </Filter>
    <Filter Include="..\..\..\build\Release\gen\media">
      <UniqueIdentifier>{EAB04AEA-EF63-DF96-A9AD-8068F00DD8A7}</UniqueIdentifier>
    </Filter>
    <Filter Include="..\..\..\build\Release\gen">
      <UniqueIdentifier>{18354653-1C0F-15FF-9E8D-E2370A96877A}</UniqueIdentifier>
    </Filter>
    <Filter Include="..\..\..\build\Release">
      <UniqueIdentifier>{53CD76C2-5431-FEE3-3825-D5F4A29C235D}</UniqueIdentifier>
    </Filter>
    <Filter Include="..\..\..\build">
      <UniqueIdentifier>{2EA9A752-CA54-BCC6-50BF-D2CCDABA23F6}</UniqueIdentifier>
    </Filter>
    <Filter Include="..\..\..">
      <UniqueIdentifier>{BC2D405D-5A7E-241B-15FC-441581082017}</UniqueIdentifier>
    </Filter>
    <Filter Include="..\..">
      <UniqueIdentifier>{A8A4AA46-5437-4AB8-6540-F14ED994B38E}</UniqueIdentifier>
    </Filter>
    <Filter Include="..">
      <UniqueIdentifier>{78245A82-158D-7D20-54A6-7C428D0A7B36}</UniqueIdentifier>
    </Filter>
    <Filter Include="..\..\..\media\capture">
      <UniqueIdentifier>{0C70B129-00D5-1587-44AD-004064743879}</UniqueIdentifier>
    </Filter>
    <Filter Include="..\..\..\media">
      <UniqueIdentifier>{E11ADCDE-E6FE-B6A0-CC9C-8C84B28D11DB}</UniqueIdentifier>
    </Filter>
    <Filter Include="..\..\..\media\capture\ipc">
      <UniqueIdentifier>{CA49F8B7-90D9-4BC4-EC65-E529A07C66EF}</UniqueIdentifier>
    </Filter>
  </ItemGroup>
  <ItemGroup>
    <CustomBuild Include="../../../build/Release/gen/media/capture/mojo/video_capture_types.mojom.cc">
      <Filter>..\..\..\build\Release\gen\media\capture\mojo</Filter>
    </CustomBuild>
    <None Include="../../../build/Release/gen/media/capture/mojo/video_capture_types.mojom.h">
      <Filter>..\..\..\build\Release\gen\media\capture\mojo</Filter>
    </None>
    <None Include="../../../media/capture/video_capture_types.h">
      <Filter>..\..\..\media\capture</Filter>
    </None>
    <None Include="../../../media/capture/ipc/capture_param_traits_macros.h">
      <Filter>..\..\..\media\capture\ipc</Filter>
    </None>
    <None Include="../../../media/capture/ipc/capture_param_traits.h">
      <Filter>..\..\..\media\capture\ipc</Filter>
    </None>
    <None Include="video_capture_types_typemap_traits.h" />
    <CustomBuild Include="video_capture_types_typemap_traits.cc" />
  </ItemGroup>
</Project>
