<?xml version="1.0" encoding="utf-8"?>
<Project ToolsVersion="4.0" xmlns="http://schemas.microsoft.com/developer/msbuild/2003">
  <ItemGroup>
    <Filter Include="net\rtp">
      <UniqueIdentifier>{0AB4C132-B565-9775-05B1-80F79C750A53}</UniqueIdentifier>
    </Filter>
    <Filter Include="net">
      <UniqueIdentifier>{6EE990AB-8D5A-EDB4-F3F6-510B9F50DC3A}</UniqueIdentifier>
    </Filter>
    <Filter Include="receiver">
      <UniqueIdentifier>{18CF94BB-5D1A-F467-C8D8-9DC7ECC29B7C}</UniqueIdentifier>
    </Filter>
  </ItemGroup>
  <ItemGroup>
    <None Include="cast_receiver.h" />
    <CustomBuild Include="net/rtp/cast_message_builder.cc">
      <Filter>net\rtp</Filter>
    </CustomBuild>
    <None Include="net/rtp/cast_message_builder.h">
      <Filter>net\rtp</Filter>
    </None>
    <CustomBuild Include="net/rtp/frame_buffer.cc">
      <Filter>net\rtp</Filter>
    </CustomBuild>
    <None Include="net/rtp/frame_buffer.h">
      <Filter>net\rtp</Filter>
    </None>
    <CustomBuild Include="net/rtp/framer.cc">
      <Filter>net\rtp</Filter>
    </CustomBuild>
    <None Include="net/rtp/framer.h">
      <Filter>net\rtp</Filter>
    </None>
    <CustomBuild Include="net/rtp/receiver_stats.cc">
      <Filter>net\rtp</Filter>
    </CustomBuild>
    <None Include="net/rtp/receiver_stats.h">
      <Filter>net\rtp</Filter>
    </None>
    <CustomBuild Include="receiver/audio_decoder.cc">
      <Filter>receiver</Filter>
    </CustomBuild>
    <None Include="receiver/audio_decoder.h">
      <Filter>receiver</Filter>
    </None>
    <CustomBuild Include="receiver/cast_receiver_impl.cc">
      <Filter>receiver</Filter>
    </CustomBuild>
    <None Include="receiver/cast_receiver_impl.h">
      <Filter>receiver</Filter>
    </None>
    <CustomBuild Include="receiver/frame_receiver.cc">
      <Filter>receiver</Filter>
    </CustomBuild>
    <None Include="receiver/frame_receiver.h">
      <Filter>receiver</Filter>
    </None>
    <CustomBuild Include="receiver/video_decoder.cc">
      <Filter>receiver</Filter>
    </CustomBuild>
    <None Include="receiver/video_decoder.h">
      <Filter>receiver</Filter>
    </None>
  </ItemGroup>
</Project>
