<?xml version="1.0" encoding="utf-8"?>
<Project ToolsVersion="4.0" xmlns="http://schemas.microsoft.com/developer/msbuild/2003">
  <ItemGroup>
    <Filter Include="..\..\build\Release\gen\media\remoting">
      <UniqueIdentifier>{BCDBDCFD-AA0A-D0C1-7D89-374DF92F7DBF}</UniqueIdentifier>
    </Filter>
    <Filter Include="..\..\build\Release\gen\media">
      <UniqueIdentifier>{52FE3314-F982-C3CB-9B14-7CA4A30E463D}</UniqueIdentifier>
    </Filter>
    <Filter Include="..\..\build\Release\gen">
      <UniqueIdentifier>{29E660F0-E1CB-E947-C1D7-880A6332202B}</UniqueIdentifier>
    </Filter>
    <Filter Include="..\..\build\Release">
      <UniqueIdentifier>{89096691-F1A1-FA6F-B455-BDB155902957}</UniqueIdentifier>
    </Filter>
    <Filter Include="..\..\build">
      <UniqueIdentifier>{BDA1F720-C781-E372-4272-6376E80329A1}</UniqueIdentifier>
    </Filter>
    <Filter Include="..\..">
      <UniqueIdentifier>{A8A4AA46-5437-4AB8-6540-F14ED994B38E}</UniqueIdentifier>
    </Filter>
    <Filter Include="..">
      <UniqueIdentifier>{78245A82-158D-7D20-54A6-7C428D0A7B36}</UniqueIdentifier>
    </Filter>
    <Filter Include="..\..\build\Release\pyproto\media\remoting">
      <UniqueIdentifier>{820A9307-9696-F27E-341B-CC5198187FF3}</UniqueIdentifier>
    </Filter>
    <Filter Include="..\..\build\Release\pyproto\media">
      <UniqueIdentifier>{590128B6-539B-310C-C1BC-4488CFD66DFB}</UniqueIdentifier>
    </Filter>
    <Filter Include="..\..\build\Release\pyproto">
      <UniqueIdentifier>{61D64583-FBC3-3A25-B8F0-32F7E5AD86B5}</UniqueIdentifier>
    </Filter>
  </ItemGroup>
  <ItemGroup>
    <None Include="../../build/Release/gen/media/remoting/remoting_rpc_message.pb.h">
      <Filter>..\..\build\Release\gen\media\remoting</Filter>
    </None>
    <CustomBuild Include="../../build/Release/gen/media/remoting/remoting_rpc_message.pb.cc">
      <Filter>..\..\build\Release\gen\media\remoting</Filter>
    </CustomBuild>
    <None Include="../../build/Release/pyproto/media/remoting/remoting_rpc_message_pb2.py">
      <Filter>..\..\build\Release\pyproto\media\remoting</Filter>
    </None>
  </ItemGroup>
</Project>
